
Microsoft Visual Studio Solution File, Format Version 12.00
# Visual Studio Version 16
VisualStudioVersion = 16.0.32228.343
MinimumVisualStudioVersion = 10.0.40219.1
Project("{FAE04EC0-301F-11D3-BF4B-00C04F79EFBC}") = "AsynchronousArchiver", "AsynchronousArchiver\AsynchronousArchiver.csproj", "{D95103C2-C5A9-4345-9C09-8CCB21A39070}"
EndProject
Global
	GlobalSection(SolutionConfigurationPlatforms) = preSolution
		Debug|Any CPU = Debug|Any CPU
		Release|Any CPU = Release|Any CPU
	EndGlobalSection
	GlobalSection(ProjectConfigurationPlatforms) = postSolution
		{D95103C2-C5A9-4345-9C09-8CCB21A39070}.Debug|Any CPU.ActiveCfg = Debug|Any CPU
		{D95103C2-C5A9-4345-9C09-8CCB21A39070}.Debug|Any CPU.Build.0 = Debug|Any CPU
		{D95103C2-C5A9-4345-9C09-8CCB21A39070}.Release|Any CPU.ActiveCfg = Release|Any CPU
		{D95103C2-C5A9-4345-9C09-8CCB21A39070}.Release|Any CPU.Build.0 = Release|Any CPU
	EndGlobalSection
	GlobalSection(SolutionProperties) = preSolution
		HideSolutionNode = FALSE
	EndGlobalSection
	GlobalSection(ExtensibilityGlobals) = postSolution
		SolutionGuid = {44AC834B-761A-4233-A4CB-DDB7FFB66DD2}
	EndGlobalSection
EndGlobal
